
Microsoft Visual Studio Solution File, Format Version 12.00
# Visual Studio Version 16
VisualStudioVersion = 16.0.30002.166
MinimumVisualStudioVersion = 10.0.40219.1
Project("{FAE04EC0-301F-11D3-BF4B-00C04F79EFBC}") = "Trevaler_Game_files", "Trevaler_Game_files\Trevaler_Game_files.csproj", "{47043F4F-9345-47E8-B0CB-E36D9BF09911}"
EndProject
Project("{2150E333-8FDC-42A3-9474-1A3956D46DE8}") = "Solution Items", "Solution Items", "{FCF5056D-10D7-4E76-BC23-F0F8265BC789}"
EndProject
Global
	GlobalSection(SolutionConfigurationPlatforms) = preSolution
		Debug|Any CPU = Debug|Any CPU
		Release|Any CPU = Release|Any CPU
	EndGlobalSection
	GlobalSection(ProjectConfigurationPlatforms) = postSolution
		{47043F4F-9345-47E8-B0CB-E36D9BF09911}.Debug|Any CPU.ActiveCfg = Debug|Any CPU
		{47043F4F-9345-47E8-B0CB-E36D9BF09911}.Debug|Any CPU.Build.0 = Debug|Any CPU
		{47043F4F-9345-47E8-B0CB-E36D9BF09911}.Release|Any CPU.ActiveCfg = Release|Any CPU
		{47043F4F-9345-47E8-B0CB-E36D9BF09911}.Release|Any CPU.Build.0 = Release|Any CPU
	EndGlobalSection
	GlobalSection(SolutionProperties) = preSolution
		HideSolutionNode = FALSE
	EndGlobalSection
	GlobalSection(ExtensibilityGlobals) = postSolution
		SolutionGuid = {5AD0A70B-62BD-4779-AB89-AAB26749FD42}
	EndGlobalSection
EndGlobal
